
Microsoft Visual Studio Solution File, Format Version 11.00
# Visual Studio 2010
Project("{2150E333-8FDC-42A3-9474-1A3956D46DE8}") = "UnitTests", "UnitTests", "{8B4BD121-CE43-49D7-A5AC-24D9EF30CE8C}"
EndProject
Project("{FAE04EC0-301F-11D3-BF4B-00C04F79EFBC}") = "Twiddler", "Twiddler\Twiddler.csproj", "{5DD421AA-A0AE-4052-8E61-B7A4B61ABAD4}"
EndProject
Project("{FAE04EC0-301F-11D3-BF4B-00C04F79EFBC}") = "Twiddler.Tests", "Twiddler.Tests\Twiddler.Tests.csproj", "{19E7A590-A4B6-4F18-8B74-4879F7F8CF96}"
EndProject
Project("{2150E333-8FDC-42A3-9474-1A3956D46DE8}") = "AcceptanceTests", "AcceptanceTests", "{71ED7BC5-7AE1-4572-85F7-7924A608813C}"
EndProject
Project("{FAE04EC0-301F-11D3-BF4B-00C04F79EFBC}") = "Twiddler.TwitterStore", "Twiddler.TwitterStore\Twiddler.TwitterStore.csproj", "{624CE557-4EDF-47EE-835B-3CB1C6290FEF}"
EndProject
Project("{FAE04EC0-301F-11D3-BF4B-00C04F79EFBC}") = "Twiddler.TwitterStore.Tests", "Twiddler.TwitterStore.Tests\Twiddler.TwitterStore.Tests.csproj", "{383F4925-ED95-4E87-8C06-277933604D4B}"
EndProject
Project("{FAE04EC0-301F-11D3-BF4B-00C04F79EFBC}") = "Twiddler.Core", "Twiddler.Core\Twiddler.Core.csproj", "{159DA135-5F63-455B-A572-A3EBB99ACA4D}"
EndProject
Project("{FAE04EC0-301F-11D3-BF4B-00C04F79EFBC}") = "Twiddler.TestData", "Twiddler.TestData\Twiddler.TestData.csproj", "{E4B17188-072A-479D-88B9-621A3B56DF5C}"
EndProject
Project("{FAE04EC0-301F-11D3-BF4B-00C04F79EFBC}") = "CompositionTests", "CompositionTests\CompositionTests.csproj", "{8B418400-A319-4EE5-8E25-60DFE7E2A41F}"
EndProject
Project("{2150E333-8FDC-42A3-9474-1A3956D46DE8}") = "Library", "Library", "{94054015-F5A5-4AE0-A539-C60DF1CBE06C}"
EndProject
Project("{FAE04EC0-301F-11D3-BF4B-00C04F79EFBC}") = "Fluid", "Library\Fluid\Fluid.csproj", "{206369ED-5FA1-4450-B6B4-3FD735CDFA0B}"
EndProject
Project("{FAE04EC0-301F-11D3-BF4B-00C04F79EFBC}") = "Twiddler.AcceptanceTests", "Twiddler.AcceptanceTests\Twiddler.AcceptanceTests.csproj", "{42891149-BBF6-413A-B084-D72EDE64E3AA}"
EndProject
Project("{FAE04EC0-301F-11D3-BF4B-00C04F79EFBC}") = "Twiddler.AcceptanceTests.TestEntities", "Twiddler.AcceptanceTests.TestEntities\Twiddler.AcceptanceTests.TestEntities.csproj", "{DF851BC8-3494-4A66-921C-285F9737C5AD}"
EndProject
Project("{FAE04EC0-301F-11D3-BF4B-00C04F79EFBC}") = "Twidder.Core.Tests", "Twidder.Core.Tests\Twidder.Core.Tests.csproj", "{754A582C-E69E-4985-929B-2DD547F635AF}"
EndProject
Global
	GlobalSection(SolutionConfigurationPlatforms) = preSolution
		Debug|Any CPU = Debug|Any CPU
		Release|Any CPU = Release|Any CPU
	EndGlobalSection
	GlobalSection(ProjectConfigurationPlatforms) = postSolution
		{5DD421AA-A0AE-4052-8E61-B7A4B61ABAD4}.Debug|Any CPU.ActiveCfg = Debug|Any CPU
		{5DD421AA-A0AE-4052-8E61-B7A4B61ABAD4}.Debug|Any CPU.Build.0 = Debug|Any CPU
		{5DD421AA-A0AE-4052-8E61-B7A4B61ABAD4}.Release|Any CPU.ActiveCfg = Release|Any CPU
		{5DD421AA-A0AE-4052-8E61-B7A4B61ABAD4}.Release|Any CPU.Build.0 = Release|Any CPU
		{19E7A590-A4B6-4F18-8B74-4879F7F8CF96}.Debug|Any CPU.ActiveCfg = Debug|Any CPU
		{19E7A590-A4B6-4F18-8B74-4879F7F8CF96}.Debug|Any CPU.Build.0 = Debug|Any CPU
		{19E7A590-A4B6-4F18-8B74-4879F7F8CF96}.Release|Any CPU.ActiveCfg = Release|Any CPU
		{19E7A590-A4B6-4F18-8B74-4879F7F8CF96}.Release|Any CPU.Build.0 = Release|Any CPU
		{624CE557-4EDF-47EE-835B-3CB1C6290FEF}.Debug|Any CPU.ActiveCfg = Debug|Any CPU
		{624CE557-4EDF-47EE-835B-3CB1C6290FEF}.Debug|Any CPU.Build.0 = Debug|Any CPU
		{624CE557-4EDF-47EE-835B-3CB1C6290FEF}.Release|Any CPU.ActiveCfg = Release|Any CPU
		{624CE557-4EDF-47EE-835B-3CB1C6290FEF}.Release|Any CPU.Build.0 = Release|Any CPU
		{383F4925-ED95-4E87-8C06-277933604D4B}.Debug|Any CPU.ActiveCfg = Debug|Any CPU
		{383F4925-ED95-4E87-8C06-277933604D4B}.Debug|Any CPU.Build.0 = Debug|Any CPU
		{383F4925-ED95-4E87-8C06-277933604D4B}.Release|Any CPU.ActiveCfg = Release|Any CPU
		{383F4925-ED95-4E87-8C06-277933604D4B}.Release|Any CPU.Build.0 = Release|Any CPU
		{159DA135-5F63-455B-A572-A3EBB99ACA4D}.Debug|Any CPU.ActiveCfg = Debug|Any CPU
		{159DA135-5F63-455B-A572-A3EBB99ACA4D}.Debug|Any CPU.Build.0 = Debug|Any CPU
		{159DA135-5F63-455B-A572-A3EBB99ACA4D}.Release|Any CPU.ActiveCfg = Release|Any CPU
		{159DA135-5F63-455B-A572-A3EBB99ACA4D}.Release|Any CPU.Build.0 = Release|Any CPU
		{E4B17188-072A-479D-88B9-621A3B56DF5C}.Debug|Any CPU.ActiveCfg = Debug|Any CPU
		{E4B17188-072A-479D-88B9-621A3B56DF5C}.Debug|Any CPU.Build.0 = Debug|Any CPU
		{E4B17188-072A-479D-88B9-621A3B56DF5C}.Release|Any CPU.ActiveCfg = Release|Any CPU
		{E4B17188-072A-479D-88B9-621A3B56DF5C}.Release|Any CPU.Build.0 = Release|Any CPU
		{8B418400-A319-4EE5-8E25-60DFE7E2A41F}.Debug|Any CPU.ActiveCfg = Debug|Any CPU
		{8B418400-A319-4EE5-8E25-60DFE7E2A41F}.Debug|Any CPU.Build.0 = Debug|Any CPU
		{8B418400-A319-4EE5-8E25-60DFE7E2A41F}.Release|Any CPU.ActiveCfg = Release|Any CPU
		{8B418400-A319-4EE5-8E25-60DFE7E2A41F}.Release|Any CPU.Build.0 = Release|Any CPU
		{206369ED-5FA1-4450-B6B4-3FD735CDFA0B}.Debug|Any CPU.ActiveCfg = Debug|Any CPU
		{206369ED-5FA1-4450-B6B4-3FD735CDFA0B}.Debug|Any CPU.Build.0 = Debug|Any CPU
		{206369ED-5FA1-4450-B6B4-3FD735CDFA0B}.Release|Any CPU.ActiveCfg = Release|Any CPU
		{206369ED-5FA1-4450-B6B4-3FD735CDFA0B}.Release|Any CPU.Build.0 = Release|Any CPU
		{42891149-BBF6-413A-B084-D72EDE64E3AA}.Debug|Any CPU.ActiveCfg = Debug|Any CPU
		{42891149-BBF6-413A-B084-D72EDE64E3AA}.Debug|Any CPU.Build.0 = Debug|Any CPU
		{42891149-BBF6-413A-B084-D72EDE64E3AA}.Release|Any CPU.ActiveCfg = Release|Any CPU
		{42891149-BBF6-413A-B084-D72EDE64E3AA}.Release|Any CPU.Build.0 = Release|Any CPU
		{DF851BC8-3494-4A66-921C-285F9737C5AD}.Debug|Any CPU.ActiveCfg = Debug|Any CPU
		{DF851BC8-3494-4A66-921C-285F9737C5AD}.Debug|Any CPU.Build.0 = Debug|Any CPU
		{DF851BC8-3494-4A66-921C-285F9737C5AD}.Release|Any CPU.ActiveCfg = Release|Any CPU
		{DF851BC8-3494-4A66-921C-285F9737C5AD}.Release|Any CPU.Build.0 = Release|Any CPU
		{754A582C-E69E-4985-929B-2DD547F635AF}.Debug|Any CPU.ActiveCfg = Debug|Any CPU
		{754A582C-E69E-4985-929B-2DD547F635AF}.Debug|Any CPU.Build.0 = Debug|Any CPU
		{754A582C-E69E-4985-929B-2DD547F635AF}.Release|Any CPU.ActiveCfg = Release|Any CPU
		{754A582C-E69E-4985-929B-2DD547F635AF}.Release|Any CPU.Build.0 = Release|Any CPU
	EndGlobalSection
	GlobalSection(SolutionProperties) = preSolution
		HideSolutionNode = FALSE
	EndGlobalSection
	GlobalSection(NestedProjects) = preSolution
		{19E7A590-A4B6-4F18-8B74-4879F7F8CF96} = {8B4BD121-CE43-49D7-A5AC-24D9EF30CE8C}
		{383F4925-ED95-4E87-8C06-277933604D4B} = {8B4BD121-CE43-49D7-A5AC-24D9EF30CE8C}
		{E4B17188-072A-479D-88B9-621A3B56DF5C} = {8B4BD121-CE43-49D7-A5AC-24D9EF30CE8C}
		{8B418400-A319-4EE5-8E25-60DFE7E2A41F} = {8B4BD121-CE43-49D7-A5AC-24D9EF30CE8C}
		{754A582C-E69E-4985-929B-2DD547F635AF} = {8B4BD121-CE43-49D7-A5AC-24D9EF30CE8C}
		{42891149-BBF6-413A-B084-D72EDE64E3AA} = {71ED7BC5-7AE1-4572-85F7-7924A608813C}
		{DF851BC8-3494-4A66-921C-285F9737C5AD} = {71ED7BC5-7AE1-4572-85F7-7924A608813C}
		{206369ED-5FA1-4450-B6B4-3FD735CDFA0B} = {94054015-F5A5-4AE0-A539-C60DF1CBE06C}
	EndGlobalSection
EndGlobal
